
Microsoft Visual Studio Solution File, Format Version 12.00
# Visual Studio Version 17
VisualStudioVersion = 17.9.34616.47
MinimumVisualStudioVersion = 10.0.40219.1
Project("{FAE04EC0-301F-11D3-BF4B-00C04F79EFBC}") = "RockPaperScissorsGame", "RockPaperScissorsGame.csproj", "{33FBE1C4-BEBB-49A8-A959-4B1102EAE9B4}"
EndProject
Project("{FAE04EC0-301F-11D3-BF4B-00C04F79EFBC}") = "DependencyInjection.Test", "..\DependencyInjection.Test\DependencyInjection.Test.csproj", "{4B8852B5-C0E5-43A1-B512-E91FAA5E3F41}"
EndProject
Global
	GlobalSection(SolutionConfigurationPlatforms) = preSolution
		Debug|Any CPU = Debug|Any CPU
		Release|Any CPU = Release|Any CPU
	EndGlobalSection
	GlobalSection(ProjectConfigurationPlatforms) = postSolution
		{33FBE1C4-BEBB-49A8-A959-4B1102EAE9B4}.Debug|Any CPU.ActiveCfg = Debug|Any CPU
		{33FBE1C4-BEBB-49A8-A959-4B1102EAE9B4}.Debug|Any CPU.Build.0 = Debug|Any CPU
		{33FBE1C4-BEBB-49A8-A959-4B1102EAE9B4}.Release|Any CPU.ActiveCfg = Release|Any CPU
		{33FBE1C4-BEBB-49A8-A959-4B1102EAE9B4}.Release|Any CPU.Build.0 = Release|Any CPU
		{4B8852B5-C0E5-43A1-B512-E91FAA5E3F41}.Debug|Any CPU.ActiveCfg = Debug|Any CPU
		{4B8852B5-C0E5-43A1-B512-E91FAA5E3F41}.Debug|Any CPU.Build.0 = Debug|Any CPU
		{4B8852B5-C0E5-43A1-B512-E91FAA5E3F41}.Release|Any CPU.ActiveCfg = Release|Any CPU
		{4B8852B5-C0E5-43A1-B512-E91FAA5E3F41}.Release|Any CPU.Build.0 = Release|Any CPU
	EndGlobalSection
	GlobalSection(SolutionProperties) = preSolution
		HideSolutionNode = FALSE
	EndGlobalSection
	GlobalSection(ExtensibilityGlobals) = postSolution
		SolutionGuid = {7ECF2FB5-3251-4CA4-8A89-4FC890288984}
	EndGlobalSection
EndGlobal
